// !$*UTF8*$!
{
	archiveVersion = 1;
	classes = {
	};
	objectVersion = 55;
	objects = {

/* Begin PBXBuildFile section */
		0E3E67D5285CFFDE008C86E5 /* AppDelegate.swift in Sources */ = {isa = PBXBuildFile; fileRef = 0E3E67D4285CFFDE008C86E5 /* AppDelegate.swift */; };
		0E3E67D7285CFFDE008C86E5 /* SceneDelegate.swift in Sources */ = {isa = PBXBuildFile; fileRef = 0E3E67D6285CFFDE008C86E5 /* SceneDelegate.swift */; };
		0E3E67DE285CFFE3008C86E5 /* Assets.xcassets in Resources */ = {isa = PBXBuildFile; fileRef = 0E3E67DD285CFFE3008C86E5 /* Assets.xcassets */; };
		0E3E67E1285CFFE3008C86E5 /* LaunchScreen.storyboard in Resources */ = {isa = PBXBuildFile; fileRef = 0E3E67DF285CFFE3008C86E5 /* LaunchScreen.storyboard */; };
		0E3E67EA285D09CF008C86E5 /* InitialViewController.swift in Sources */ = {isa = PBXBuildFile; fileRef = 0E3E67E8285D09CF008C86E5 /* InitialViewController.swift */; };
		0E3E67EB285D09CF008C86E5 /* InitialViewController.xib in Resources */ = {isa = PBXBuildFile; fileRef = 0E3E67E9285D09CF008C86E5 /* InitialViewController.xib */; };
		0E3E67EE285D1DD3008C86E5 /* TermsViewController.swift in Sources */ = {isa = PBXBuildFile; fileRef = 0E3E67EC285D1DD3008C86E5 /* TermsViewController.swift */; };
		0E3E67EF285D1DD3008C86E5 /* TermsViewController.xib in Resources */ = {isa = PBXBuildFile; fileRef = 0E3E67ED285D1DD3008C86E5 /* TermsViewController.xib */; };
		0E7EA3D22864954800A9DB96 /* Activity.swift in Sources */ = {isa = PBXBuildFile; fileRef = 0E7EA3D12864954800A9DB96 /* Activity.swift */; };
		0E7EA3D42864969A00A9DB96 /* ActivitiesServices.swift in Sources */ = {isa = PBXBuildFile; fileRef = 0E7EA3D32864969A00A9DB96 /* ActivitiesServices.swift */; };
		0E7EA3D6286496DD00A9DB96 /* ActivityFireApiClient.swift in Sources */ = {isa = PBXBuildFile; fileRef = 0E7EA3D5286496DD00A9DB96 /* ActivityFireApiClient.swift */; };
		0E8059EC2863B7B500C69C97 /* SuggestionViewController.swift in Sources */ = {isa = PBXBuildFile; fileRef = 0E8059EA2863B7B500C69C97 /* SuggestionViewController.swift */; };
		0E8059ED2863B7B500C69C97 /* SuggestionViewController.xib in Resources */ = {isa = PBXBuildFile; fileRef = 0E8059EB2863B7B500C69C97 /* SuggestionViewController.xib */; };
		0E9AAAD328622F00000D07E4 /* CategoriesViewController.swift in Sources */ = {isa = PBXBuildFile; fileRef = 0E9AAAD128622F00000D07E4 /* CategoriesViewController.swift */; };
		0E9AAAD428622F00000D07E4 /* CategoriesViewController.xib in Resources */ = {isa = PBXBuildFile; fileRef = 0E9AAAD228622F00000D07E4 /* CategoriesViewController.xib */; };
		DFE2096B0E55AA5095C59CC9 /* Pods_NotBored.framework in Frameworks */ = {isa = PBXBuildFile; fileRef = 561C12FB9C9465A14D3227FB /* Pods_NotBored.framework */; };
/* End PBXBuildFile section */

/* Begin PBXFileReference section */
		038873A7EB512B9E91E95DA3 /* Pods-NotBored.debug.xcconfig */ = {isa = PBXFileReference; includeInIndex = 1; lastKnownFileType = text.xcconfig; name = "Pods-NotBored.debug.xcconfig"; path = "Target Support Files/Pods-NotBored/Pods-NotBored.debug.xcconfig"; sourceTree = "<group>"; };
		0E3E67D1285CFFDE008C86E5 /* NotBored.app */ = {isa = PBXFileReference; explicitFileType = wrapper.application; includeInIndex = 0; path = NotBored.app; sourceTree = BUILT_PRODUCTS_DIR; };
		0E3E67D4285CFFDE008C86E5 /* AppDelegate.swift */ = {isa = PBXFileReference; lastKnownFileType = sourcecode.swift; path = AppDelegate.swift; sourceTree = "<group>"; };
		0E3E67D6285CFFDE008C86E5 /* SceneDelegate.swift */ = {isa = PBXFileReference; lastKnownFileType = sourcecode.swift; path = SceneDelegate.swift; sourceTree = "<group>"; };
		0E3E67DD285CFFE3008C86E5 /* Assets.xcassets */ = {isa = PBXFileReference; lastKnownFileType = folder.assetcatalog; path = Assets.xcassets; sourceTree = "<group>"; };
		0E3E67E0285CFFE3008C86E5 /* Base */ = {isa = PBXFileReference; lastKnownFileType = file.storyboard; name = Base; path = Base.lproj/LaunchScreen.storyboard; sourceTree = "<group>"; };
		0E3E67E2285CFFE3008C86E5 /* Info.plist */ = {isa = PBXFileReference; lastKnownFileType = text.plist.xml; path = Info.plist; sourceTree = "<group>"; };
		0E3E67E8285D09CF008C86E5 /* InitialViewController.swift */ = {isa = PBXFileReference; lastKnownFileType = sourcecode.swift; path = InitialViewController.swift; sourceTree = "<group>"; };
		0E3E67E9285D09CF008C86E5 /* InitialViewController.xib */ = {isa = PBXFileReference; lastKnownFileType = file.xib; path = InitialViewController.xib; sourceTree = "<group>"; };
		0E3E67EC285D1DD3008C86E5 /* TermsViewController.swift */ = {isa = PBXFileReference; lastKnownFileType = sourcecode.swift; path = TermsViewController.swift; sourceTree = "<group>"; };
		0E3E67ED285D1DD3008C86E5 /* TermsViewController.xib */ = {isa = PBXFileReference; lastKnownFileType = file.xib; path = TermsViewController.xib; sourceTree = "<group>"; };
		0E7EA3D12864954800A9DB96 /* Activity.swift */ = {isa = PBXFileReference; lastKnownFileType = sourcecode.swift; path = Activity.swift; sourceTree = "<group>"; };
		0E7EA3D32864969A00A9DB96 /* ActivitiesServices.swift */ = {isa = PBXFileReference; lastKnownFileType = sourcecode.swift; path = ActivitiesServices.swift; sourceTree = "<group>"; };
		0E7EA3D5286496DD00A9DB96 /* ActivityFireApiClient.swift */ = {isa = PBXFileReference; lastKnownFileType = sourcecode.swift; path = ActivityFireApiClient.swift; sourceTree = "<group>"; };
		0E8059EA2863B7B500C69C97 /* SuggestionViewController.swift */ = {isa = PBXFileReference; lastKnownFileType = sourcecode.swift; path = SuggestionViewController.swift; sourceTree = "<group>"; };
		0E8059EB2863B7B500C69C97 /* SuggestionViewController.xib */ = {isa = PBXFileReference; lastKnownFileType = file.xib; path = SuggestionViewController.xib; sourceTree = "<group>"; };
		0E9AAAD128622F00000D07E4 /* CategoriesViewController.swift */ = {isa = PBXFileReference; lastKnownFileType = sourcecode.swift; path = CategoriesViewController.swift; sourceTree = "<group>"; };
		0E9AAAD228622F00000D07E4 /* CategoriesViewController.xib */ = {isa = PBXFileReference; lastKnownFileType = file.xib; path = CategoriesViewController.xib; sourceTree = "<group>"; };
		561C12FB9C9465A14D3227FB /* Pods_NotBored.framework */ = {isa = PBXFileReference; explicitFileType = wrapper.framework; includeInIndex = 0; path = Pods_NotBored.framework; sourceTree = BUILT_PRODUCTS_DIR; };
		B8E98A38FCA37A8B00E18CF9 /* Pods-NotBored.release.xcconfig */ = {isa = PBXFileReference; includeInIndex = 1; lastKnownFileType = text.xcconfig; name = "Pods-NotBored.release.xcconfig"; path = "Target Support Files/Pods-NotBored/Pods-NotBored.release.xcconfig"; sourceTree = "<group>"; };
/* End PBXFileReference section */

/* Begin PBXFrameworksBuildPhase section */
		0E3E67CE285CFFDE008C86E5 /* Frameworks */ = {
			isa = PBXFrameworksBuildPhase;
			buildActionMask = 2147483647;
			files = (
				DFE2096B0E55AA5095C59CC9 /* Pods_NotBored.framework in Frameworks */,
			);
			runOnlyForDeploymentPostprocessing = 0;
		};
/* End PBXFrameworksBuildPhase section */

/* Begin PBXGroup section */
		0E3E67C8285CFFDE008C86E5 = {
			isa = PBXGroup;
			children = (
				0E3E67D3285CFFDE008C86E5 /* NotBored */,
				0E3E67D2285CFFDE008C86E5 /* Products */,
				53DEBDBFE4EC16EF4C031CB5 /* Pods */,
				E6B92EF85318423032890749 /* Frameworks */,
			);
			sourceTree = "<group>";
		};
		0E3E67D2285CFFDE008C86E5 /* Products */ = {
			isa = PBXGroup;
			children = (
				0E3E67D1285CFFDE008C86E5 /* NotBored.app */,
			);
			name = Products;
			sourceTree = "<group>";
		};
		0E3E67D3285CFFDE008C86E5 /* NotBored */ = {
			isa = PBXGroup;
			children = (
				0EF2E07C2864B8170075A410 /* Controller */,
				0EF2E0792864B7B00075A410 /* View */,
				0E7EA3D02864953400A9DB96 /* Model */,
				0EF2E07D2864B8A90075A410 /* Services */,
				0E3E67D4285CFFDE008C86E5 /* AppDelegate.swift */,
				0E3E67D6285CFFDE008C86E5 /* SceneDelegate.swift */,
				0E3E67DD285CFFE3008C86E5 /* Assets.xcassets */,
				0E3E67DF285CFFE3008C86E5 /* LaunchScreen.storyboard */,
				0E3E67E2285CFFE3008C86E5 /* Info.plist */,
			);
			path = NotBored;
			sourceTree = "<group>";
		};
		0E7EA3D02864953400A9DB96 /* Model */ = {
			isa = PBXGroup;
			children = (
				0E7EA3D12864954800A9DB96 /* Activity.swift */,
			);
			path = Model;
			sourceTree = "<group>";
		};
		0EF2E0792864B7B00075A410 /* View */ = {
			isa = PBXGroup;
			children = (
				0E3E67E9285D09CF008C86E5 /* InitialViewController.xib */,
				0E3E67ED285D1DD3008C86E5 /* TermsViewController.xib */,
				0E9AAAD228622F00000D07E4 /* CategoriesViewController.xib */,
				0E8059EB2863B7B500C69C97 /* SuggestionViewController.xib */,
			);
			path = View;
			sourceTree = "<group>";
		};
		0EF2E07C2864B8170075A410 /* Controller */ = {
			isa = PBXGroup;
			children = (
				0E3E67E8285D09CF008C86E5 /* InitialViewController.swift */,
				0E3E67EC285D1DD3008C86E5 /* TermsViewController.swift */,
				0E9AAAD128622F00000D07E4 /* CategoriesViewController.swift */,
				0E8059EA2863B7B500C69C97 /* SuggestionViewController.swift */,
			);
			path = Controller;
			sourceTree = "<group>";
		};
		0EF2E07D2864B8A90075A410 /* Services */ = {
			isa = PBXGroup;
			children = (
				0E7EA3D32864969A00A9DB96 /* ActivitiesServices.swift */,
				0E7EA3D5286496DD00A9DB96 /* ActivityFireApiClient.swift */,
			);
			path = Services;
			sourceTree = "<group>";
		};
		53DEBDBFE4EC16EF4C031CB5 /* Pods */ = {
			isa = PBXGroup;
			children = (
				038873A7EB512B9E91E95DA3 /* Pods-NotBored.debug.xcconfig */,
				B8E98A38FCA37A8B00E18CF9 /* Pods-NotBored.release.xcconfig */,
			);
			path = Pods;
			sourceTree = "<group>";
		};
		E6B92EF85318423032890749 /* Frameworks */ = {
			isa = PBXGroup;
			children = (
				561C12FB9C9465A14D3227FB /* Pods_NotBored.framework */,
			);
			name = Frameworks;
			sourceTree = "<group>";
		};
/* End PBXGroup section */

/* Begin PBXNativeTarget section */
		0E3E67D0285CFFDE008C86E5 /* NotBored */ = {
			isa = PBXNativeTarget;
			buildConfigurationList = 0E3E67E5285CFFE3008C86E5 /* Build configuration list for PBXNativeTarget "NotBored" */;
			buildPhases = (
				8BCB5EC7BFAA70D57BCFE129 /* [CP] Check Pods Manifest.lock */,
				0E3E67CD285CFFDE008C86E5 /* Sources */,
				0E3E67CE285CFFDE008C86E5 /* Frameworks */,
				0E3E67CF285CFFDE008C86E5 /* Resources */,
				302E83660A7A5D0C8C502035 /* [CP] Embed Pods Frameworks */,
			);
			buildRules = (
			);
			dependencies = (
			);
			name = NotBored;
			productName = NotBored;
			productReference = 0E3E67D1285CFFDE008C86E5 /* NotBored.app */;
			productType = "com.apple.product-type.application";
		};
/* End PBXNativeTarget section */

/* Begin PBXProject section */
		0E3E67C9285CFFDE008C86E5 /* Project object */ = {
			isa = PBXProject;
			attributes = {
				BuildIndependentTargetsInParallel = 1;
				LastSwiftUpdateCheck = 1340;
				LastUpgradeCheck = 1340;
				TargetAttributes = {
					0E3E67D0285CFFDE008C86E5 = {
						CreatedOnToolsVersion = 13.4.1;
					};
				};
			};
			buildConfigurationList = 0E3E67CC285CFFDE008C86E5 /* Build configuration list for PBXProject "NotBored" */;
			compatibilityVersion = "Xcode 13.0";
			developmentRegion = en;
			hasScannedForEncodings = 0;
			knownRegions = (
				en,
				Base,
			);
			mainGroup = 0E3E67C8285CFFDE008C86E5;
			productRefGroup = 0E3E67D2285CFFDE008C86E5 /* Products */;
			projectDirPath = "";
			projectRoot = "";
			targets = (
				0E3E67D0285CFFDE008C86E5 /* NotBored */,
			);
		};
/* End PBXProject section */

/* Begin PBXResourcesBuildPhase section */
		0E3E67CF285CFFDE008C86E5 /* Resources */ = {
			isa = PBXResourcesBuildPhase;
			buildActionMask = 2147483647;
			files = (
				0E3E67E1285CFFE3008C86E5 /* LaunchScreen.storyboard in Resources */,
				0E3E67DE285CFFE3008C86E5 /* Assets.xcassets in Resources */,
				0E8059ED2863B7B500C69C97 /* SuggestionViewController.xib in Resources */,
				0E9AAAD428622F00000D07E4 /* CategoriesViewController.xib in Resources */,
				0E3E67EF285D1DD3008C86E5 /* TermsViewController.xib in Resources */,
				0E3E67EB285D09CF008C86E5 /* InitialViewController.xib in Resources */,
			);
			runOnlyForDeploymentPostprocessing = 0;
		};
/* End PBXResourcesBuildPhase section */

/* Begin PBXShellScriptBuildPhase section */
		302E83660A7A5D0C8C502035 /* [CP] Embed Pods Frameworks */ = {
			isa = PBXShellScriptBuildPhase;
			buildActionMask = 2147483647;
			files = (
			);
			inputFileListPaths = (
				"${PODS_ROOT}/Target Support Files/Pods-NotBored/Pods-NotBored-frameworks-${CONFIGURATION}-input-files.xcfilelist",
			);
			name = "[CP] Embed Pods Frameworks";
			outputFileListPaths = (
				"${PODS_ROOT}/Target Support Files/Pods-NotBored/Pods-NotBored-frameworks-${CONFIGURATION}-output-files.xcfilelist",
			);
			runOnlyForDeploymentPostprocessing = 0;
			shellPath = /bin/sh;
			shellScript = "\"${PODS_ROOT}/Target Support Files/Pods-NotBored/Pods-NotBored-frameworks.sh\"\n";
			showEnvVarsInLog = 0;
		};
		8BCB5EC7BFAA70D57BCFE129 /* [CP] Check Pods Manifest.lock */ = {
			isa = PBXShellScriptBuildPhase;
			buildActionMask = 2147483647;
			files = (
			);
			inputFileListPaths = (
			);
			inputPaths = (
				"${PODS_PODFILE_DIR_PATH}/Podfile.lock",
				"${PODS_ROOT}/Manifest.lock",
			);
			name = "[CP] Check Pods Manifest.lock";
			outputFileListPaths = (
			);
			outputPaths = (
				"$(DERIVED_FILE_DIR)/Pods-NotBored-checkManifestLockResult.txt",
			);
			runOnlyForDeploymentPostprocessing = 0;
			shellPath = /bin/sh;
			shellScript = "diff \"${PODS_PODFILE_DIR_PATH}/Podfile.lock\" \"${PODS_ROOT}/Manifest.lock\" > /dev/null\nif [ $? != 0 ] ; then\n    # print error to STDERR\n    echo \"error: The sandbox is not in sync with the Podfile.lock. Run 'pod install' or update your CocoaPods installation.\" >&2\n    exit 1\nfi\n# This output is used by Xcode 'outputs' to avoid re-running this script phase.\necho \"SUCCESS\" > \"${SCRIPT_OUTPUT_FILE_0}\"\n";
			showEnvVarsInLog = 0;
		};
/* End PBXShellScriptBuildPhase section */

/* Begin PBXSourcesBuildPhase section */
		0E3E67CD285CFFDE008C86E5 /* Sources */ = {
			isa = PBXSourcesBuildPhase;
			buildActionMask = 2147483647;
			files = (
				0E8059EC2863B7B500C69C97 /* SuggestionViewController.swift in Sources */,
				0E3E67D5285CFFDE008C86E5 /* AppDelegate.swift in Sources */,
				0E9AAAD328622F00000D07E4 /* CategoriesViewController.swift in Sources */,
				0E3E67D7285CFFDE008C86E5 /* SceneDelegate.swift in Sources */,
				0E7EA3D42864969A00A9DB96 /* ActivitiesServices.swift in Sources */,
				0E7EA3D6286496DD00A9DB96 /* ActivityFireApiClient.swift in Sources */,
				0E3E67EA285D09CF008C86E5 /* InitialViewController.swift in Sources */,
				0E7EA3D22864954800A9DB96 /* Activity.swift in Sources */,
				0E3E67EE285D1DD3008C86E5 /* TermsViewController.swift in Sources */,
			);
			runOnlyForDeploymentPostprocessing = 0;
		};
/* End PBXSourcesBuildPhase section */

/* Begin PBXVariantGroup section */
		0E3E67DF285CFFE3008C86E5 /* LaunchScreen.storyboard */ = {
			isa = PBXVariantGroup;
			children = (
				0E3E67E0285CFFE3008C86E5 /* Base */,
			);
			name = LaunchScreen.storyboard;
			sourceTree = "<group>";
		};
/* End PBXVariantGroup section */

/* Begin XCBuildConfiguration section */
		0E3E67E3285CFFE3008C86E5 /* Debug */ = {
			isa = XCBuildConfiguration;
			buildSettings = {
				ALWAYS_SEARCH_USER_PATHS = NO;
				CLANG_ANALYZER_NONNULL = YES;
				CLANG_ANALYZER_NUMBER_OBJECT_CONVERSION = YES_AGGRESSIVE;
				CLANG_CXX_LANGUAGE_STANDARD = "gnu++17";
				CLANG_ENABLE_MODULES = YES;
				CLANG_ENABLE_OBJC_ARC = YES;
				CLANG_ENABLE_OBJC_WEAK = YES;
				CLANG_WARN_BLOCK_CAPTURE_AUTORELEASING = YES;
				CLANG_WARN_BOOL_CONVERSION = YES;
				CLANG_WARN_COMMA = YES;
				CLANG_WARN_CONSTANT_CONVERSION = YES;
				CLANG_WARN_DEPRECATED_OBJC_IMPLEMENTATIONS = YES;
				CLANG_WARN_DIRECT_OBJC_ISA_USAGE = YES_ERROR;
				CLANG_WARN_DOCUMENTATION_COMMENTS = YES;
				CLANG_WARN_EMPTY_BODY = YES;
				CLANG_WARN_ENUM_CONVERSION = YES;
				CLANG_WARN_INFINITE_RECURSION = YES;
				CLANG_WARN_INT_CONVERSION = YES;
				CLANG_WARN_NON_LITERAL_NULL_CONVERSION = YES;
				CLANG_WARN_OBJC_IMPLICIT_RETAIN_SELF = YES;
				CLANG_WARN_OBJC_LITERAL_CONVERSION = YES;
				CLANG_WARN_OBJC_ROOT_CLASS = YES_ERROR;
				CLANG_WARN_QUOTED_INCLUDE_IN_FRAMEWORK_HEADER = YES;
				CLANG_WARN_RANGE_LOOP_ANALYSIS = YES;
				CLANG_WARN_STRICT_PROTOTYPES = YES;
				CLANG_WARN_SUSPICIOUS_MOVE = YES;
				CLANG_WARN_UNGUARDED_AVAILABILITY = YES_AGGRESSIVE;
				CLANG_WARN_UNREACHABLE_CODE = YES;
				CLANG_WARN__DUPLICATE_METHOD_MATCH = YES;
				COPY_PHASE_STRIP = NO;
				DEBUG_INFORMATION_FORMAT = dwarf;
				ENABLE_STRICT_OBJC_MSGSEND = YES;
				ENABLE_TESTABILITY = YES;
				GCC_C_LANGUAGE_STANDARD = gnu11;
				GCC_DYNAMIC_NO_PIC = NO;
				GCC_NO_COMMON_BLOCKS = YES;
				GCC_OPTIMIZATION_LEVEL = 0;
				GCC_PREPROCESSOR_DEFINITIONS = (
					"DEBUG=1",
					"$(inherited)",
				);
				GCC_WARN_64_TO_32_BIT_CONVERSION = YES;
				GCC_WARN_ABOUT_RETURN_TYPE = YES_ERROR;
				GCC_WARN_UNDECLARED_SELECTOR = YES;
				GCC_WARN_UNINITIALIZED_AUTOS = YES_AGGRESSIVE;
				GCC_WARN_UNUSED_FUNCTION = YES;
				GCC_WARN_UNUSED_VARIABLE = YES;
				IPHONEOS_DEPLOYMENT_TARGET = 15.5;
				MTL_ENABLE_DEBUG_INFO = INCLUDE_SOURCE;
				MTL_FAST_MATH = YES;
				ONLY_ACTIVE_ARCH = YES;
				SDKROOT = iphoneos;
				SWIFT_ACTIVE_COMPILATION_CONDITIONS = DEBUG;
				SWIFT_OPTIMIZATION_LEVEL = "-Onone";
			};
			name = Debug;
		};
		0E3E67E4285CFFE3008C86E5 /* Release */ = {
			isa = XCBuildConfiguration;
			buildSettings = {
				ALWAYS_SEARCH_USER_PATHS = NO;
				CLANG_ANALYZER_NONNULL = YES;
				CLANG_ANALYZER_NUMBER_OBJECT_CONVERSION = YES_AGGRESSIVE;
				CLANG_CXX_LANGUAGE_STANDARD = "gnu++17";
				CLANG_ENABLE_MODULES = YES;
				CLANG_ENABLE_OBJC_ARC = YES;
				CLANG_ENABLE_OBJC_WEAK = YES;
				CLANG_WARN_BLOCK_CAPTURE_AUTORELEASING = YES;
				CLANG_WARN_BOOL_CONVERSION = YES;
				CLANG_WARN_COMMA = YES;
				CLANG_WARN_CONSTANT_CONVERSION = YES;
				CLANG_WARN_DEPRECATED_OBJC_IMPLEMENTATIONS = YES;
				CLANG_WARN_DIRECT_OBJC_ISA_USAGE = YES_ERROR;
				CLANG_WARN_DOCUMENTATION_COMMENTS = YES;
				CLANG_WARN_EMPTY_BODY = YES;
				CLANG_WARN_ENUM_CONVERSION = YES;
				CLANG_WARN_INFINITE_RECURSION = YES;
				CLANG_WARN_INT_CONVERSION = YES;
				CLANG_WARN_NON_LITERAL_NULL_CONVERSION = YES;
				CLANG_WARN_OBJC_IMPLICIT_RETAIN_SELF = YES;
				CLANG_WARN_OBJC_LITERAL_CONVERSION = YES;
				CLANG_WARN_OBJC_ROOT_CLASS = YES_ERROR;
				CLANG_WARN_QUOTED_INCLUDE_IN_FRAMEWORK_HEADER = YES;
				CLANG_WARN_RANGE_LOOP_ANALYSIS = YES;
				CLANG_WARN_STRICT_PROTOTYPES = YES;
				CLANG_WARN_SUSPICIOUS_MOVE = YES;
				CLANG_WARN_UNGUARDED_AVAILABILITY = YES_AGGRESSIVE;
				CLANG_WARN_UNREACHABLE_CODE = YES;
				CLANG_WARN__DUPLICATE_METHOD_MATCH = YES;
				COPY_PHASE_STRIP = NO;
				DEBUG_INFORMATION_FORMAT = "dwarf-with-dsym";
				ENABLE_NS_ASSERTIONS = NO;
				ENABLE_STRICT_OBJC_MSGSEND = YES;
				GCC_C_LANGUAGE_STANDARD = gnu11;
				GCC_NO_COMMON_BLOCKS = YES;
				GCC_WARN_64_TO_32_BIT_CONVERSION = YES;
				GCC_WARN_ABOUT_RETURN_TYPE = YES_ERROR;
				GCC_WARN_UNDECLARED_SELECTOR = YES;
				GCC_WARN_UNINITIALIZED_AUTOS = YES_AGGRESSIVE;
				GCC_WARN_UNUSED_FUNCTION = YES;
				GCC_WARN_UNUSED_VARIABLE = YES;
				IPHONEOS_DEPLOYMENT_TARGET = 15.5;
				MTL_ENABLE_DEBUG_INFO = NO;
				MTL_FAST_MATH = YES;
				SDKROOT = iphoneos;
				SWIFT_COMPILATION_MODE = wholemodule;
				SWIFT_OPTIMIZATION_LEVEL = "-O";
				VALIDATE_PRODUCT = YES;
			};
			name = Release;
		};
		0E3E67E6285CFFE3008C86E5 /* Debug */ = {
			isa = XCBuildConfiguration;
			baseConfigurationReference = 038873A7EB512B9E91E95DA3 /* Pods-NotBored.debug.xcconfig */;
			buildSettings = {
				ASSETCATALOG_COMPILER_APPICON_NAME = AppIcon;
				ASSETCATALOG_COMPILER_GLOBAL_ACCENT_COLOR_NAME = AccentColor;
				CODE_SIGN_STYLE = Automatic;
				CURRENT_PROJECT_VERSION = 1;
				DEVELOPMENT_TEAM = BSWF7947PU;
				GENERATE_INFOPLIST_FILE = YES;
				INFOPLIST_FILE = NotBored/Info.plist;
				INFOPLIST_KEY_UIApplicationSupportsIndirectInputEvents = YES;
				INFOPLIST_KEY_UILaunchStoryboardName = LaunchScreen;
				INFOPLIST_KEY_UISupportedInterfaceOrientations_iPad = "UIInterfaceOrientationPortrait UIInterfaceOrientationPortraitUpsideDown UIInterfaceOrientationLandscapeLeft UIInterfaceOrientationLandscapeRight";
				INFOPLIST_KEY_UISupportedInterfaceOrientations_iPhone = "UIInterfaceOrientationPortrait UIInterfaceOrientationLandscapeLeft UIInterfaceOrientationLandscapeRight";
				LD_RUNPATH_SEARCH_PATHS = (
					"$(inherited)",
					"@executable_path/Frameworks",
				);
				MARKETING_VERSION = 1.0;
				PRODUCT_BUNDLE_IDENTIFIER = Alkemy.NotBored;
				PRODUCT_NAME = "$(TARGET_NAME)";
				SWIFT_EMIT_LOC_STRINGS = YES;
				SWIFT_VERSION = 5.0;
				TARGETED_DEVICE_FAMILY = "1,2";
			};
			name = Debug;
		};
		0E3E67E7285CFFE3008C86E5 /* Release */ = {
			isa = XCBuildConfiguration;
			baseConfigurationReference = B8E98A38FCA37A8B00E18CF9 /* Pods-NotBored.release.xcconfig */;
			buildSettings = {
				ASSETCATALOG_COMPILER_APPICON_NAME = AppIcon;
				ASSETCATALOG_COMPILER_GLOBAL_ACCENT_COLOR_NAME = AccentColor;
				CODE_SIGN_STYLE = Automatic;
				CURRENT_PROJECT_VERSION = 1;
				DEVELOPMENT_TEAM = BSWF7947PU;
				GENERATE_INFOPLIST_FILE = YES;
				INFOPLIST_FILE = NotBored/Info.plist;
				INFOPLIST_KEY_UIApplicationSupportsIndirectInputEvents = YES;
				INFOPLIST_KEY_UILaunchStoryboardName = LaunchScreen;
				INFOPLIST_KEY_UISupportedInterfaceOrientations_iPad = "UIInterfaceOrientationPortrait UIInterfaceOrientationPortraitUpsideDown UIInterfaceOrientationLandscapeLeft UIInterfaceOrientationLandscapeRight";
				INFOPLIST_KEY_UISupportedInterfaceOrientations_iPhone = "UIInterfaceOrientationPortrait UIInterfaceOrientationLandscapeLeft UIInterfaceOrientationLandscapeRight";
				LD_RUNPATH_SEARCH_PATHS = (
					"$(inherited)",
					"@executable_path/Frameworks",
				);
				MARKETING_VERSION = 1.0;
				PRODUCT_BUNDLE_IDENTIFIER = Alkemy.NotBored;
				PRODUCT_NAME = "$(TARGET_NAME)";
				SWIFT_EMIT_LOC_STRINGS = YES;
				SWIFT_VERSION = 5.0;
				TARGETED_DEVICE_FAMILY = "1,2";
			};
			name = Release;
		};
/* End XCBuildConfiguration section */

/* Begin XCConfigurationList section */
		0E3E67CC285CFFDE008C86E5 /* Build configuration list for PBXProject "NotBored" */ = {
			isa = XCConfigurationList;
			buildConfigurations = (
				0E3E67E3285CFFE3008C86E5 /* Debug */,
				0E3E67E4285CFFE3008C86E5 /* Release */,
			);
			defaultConfigurationIsVisible = 0;
			defaultConfigurationName = Release;
		};
		0E3E67E5285CFFE3008C86E5 /* Build configuration list for PBXNativeTarget "NotBored" */ = {
			isa = XCConfigurationList;
			buildConfigurations = (
				0E3E67E6285CFFE3008C86E5 /* Debug */,
				0E3E67E7285CFFE3008C86E5 /* Release */,
			);
			defaultConfigurationIsVisible = 0;
			defaultConfigurationName = Release;
		};
/* End XCConfigurationList section */
	};
	rootObject = 0E3E67C9285CFFDE008C86E5 /* Project object */;
}
